<?xml version="1.0" encoding="utf-8"?>
<Project ToolsVersion="4.0" xmlns="http://schemas.microsoft.com/developer/msbuild/2003">
  <ItemGroup>
    <Filter Include="Common">
      <UniqueIdentifier>76a1e2ce-05a4-4556-8a4d-b319c829464a</UniqueIdentifier>
    </Filter>
    <Filter Include="Assets">
      <UniqueIdentifier>cf2bfa36-c098-423e-8d04-96b35cfce651</UniqueIdentifier>
      <Extensions>bmp;fbx;gif;jpg;jpeg;tga;tiff;tif;png</Extensions>
    </Filter>
    <Filter Include="Content">
      <UniqueIdentifier>0d3a286c-f8c4-45a0-9b2e-d4b47f80caa0</UniqueIdentifier>
    </Filter>
    <ClInclude Include="Common\DirectXHelper.h">
      <Filter>Common</Filter>
    </ClInclude>
    <ClInclude Include="Common\StepTimer.h">
      <Filter>Common</Filter>
    </ClInclude>
    <ClInclude Include="Common\DeviceResources.h">
      <Filter>Common</Filter>
    </ClInclude>
    <ClCompile Include="Common\DeviceResources.cpp">
      <Filter>Common</Filter>
    </ClCompile>
    <ClInclude Include="Content\Sample3DSceneRenderer.h">
      <Filter>Content</Filter>
    </ClInclude>
    <ClInclude Include="Content\SampleFpsTextRenderer.h">
      <Filter>Content</Filter>
    </ClInclude>
    <ClInclude Include="Content\ShaderStructures.h">
      <Filter>Content</Filter>
    </ClInclude>
    <ClCompile Include="Content\Sample3DSceneRenderer.cpp">
      <Filter>Content</Filter>
    </ClCompile>
    <ClCompile Include="Content\SampleFpsTextRenderer.cpp">
      <Filter>Content</Filter>
    </ClCompile>
    <FxCompile Include="Content\SamplePixelShader.hlsl">
      <Filter>Content</Filter>
    </FxCompile>
    <FxCompile Include="Content\SampleVertexShader.hlsl">
      <Filter>Content</Filter>
    </FxCompile>
    <Image Include="Assets\LockScreenLogo.scale-200.png">
      <Filter>Assets</Filter>
    </Image>
    <Image Include="Assets\SplashScreen.scale-200.png">
      <Filter>Assets</Filter>
    </Image>
    <Image Include="Assets\Square150x150Logo.scale-200.png">
      <Filter>Assets</Filter>
    </Image>
    <Image Include="Assets\Square44x44Logo.scale-200.png">
      <Filter>Assets</Filter>
    </Image>
    <Image Include="Assets\Square44x44Logo.targetsize-24_altform-unplated.png">
      <Filter>Assets</Filter>
    </Image>
    <Image Include="Assets\Wide310x150Logo.scale-200.png">
      <Filter>Assets</Filter>
    </Image>
    <Filter Include="Shaders">
      <UniqueIdentifier>{d2a46393-e572-4199-8128-198f50f4b7a7}</UniqueIdentifier>
    </Filter>
    <Filter Include="Assets\Textures">
      <UniqueIdentifier>{863ff337-f733-4e78-91c2-5b4fba17e633}</UniqueIdentifier>
    </Filter>
  </ItemGroup>
  <ItemGroup>
    <ClCompile Include="App.cpp" />
    <ClCompile Include="OceanMain.cpp" />
    <ClCompile Include="pch.cpp" />
    <ClCompile Include="Content\SceneRenderer.cpp">
      <Filter>Content</Filter>
    </ClCompile>
    <ClCompile Include="Camera.cpp">
      <Filter>Content</Filter>
    </ClCompile>
    <ClCompile Include="Water.cpp">
      <Filter>Content</Filter>
    </ClCompile>
    <ClCompile Include="GeneratedMesh.cpp">
      <Filter>Content</Filter>
    </ClCompile>
    <ClCompile Include="SkyBox.cpp">
      <Filter>Content</Filter>
    </ClCompile>
  </ItemGroup>
  <ItemGroup>
    <ClInclude Include="App.h" />
    <ClInclude Include="OceanMain.h" />
    <ClInclude Include="pch.h" />
    <ClInclude Include="Content\SceneRenderer.h">
      <Filter>Content</Filter>
    </ClInclude>
    <ClInclude Include="Camera.h">
      <Filter>Content</Filter>
    </ClInclude>
    <ClInclude Include="Water.h">
      <Filter>Content</Filter>
    </ClInclude>
    <ClInclude Include="GeneratedMesh.h">
      <Filter>Content</Filter>
    </ClInclude>
    <ClInclude Include="SkyBox.h">
      <Filter>Content</Filter>
    </ClInclude>
  </ItemGroup>
  <ItemGroup>
    <Image Include="Assets\StoreLogo.png">
      <Filter>Assets</Filter>
    </Image>
    <Image Include="Assets\Textures\skybox.dds">
      <Filter>Assets\Textures</Filter>
    </Image>
    <Image Include="Assets\Textures\water_normal.dds">
      <Filter>Assets\Textures</Filter>
    </Image>
  </ItemGroup>
  <ItemGroup>
    <AppxManifest Include="Package.appxmanifest" />
  </ItemGroup>
  <ItemGroup>
    <None Include="Ocean_TemporaryKey.pfx" />
    <None Include="packages.config" />
    <None Include="ClassDiagram.cd" />
  </ItemGroup>
  <ItemGroup>
    <FxCompile Include="Shaders\SkyboxPixelShader.hlsl">
      <Filter>Shaders</Filter>
    </FxCompile>
    <FxCompile Include="Shaders\SkyboxVertexShader.hlsl">
      <Filter>Shaders</Filter>
    </FxCompile>
    <FxCompile Include="Shaders\WaterPixelShader.hlsl">
      <Filter>Shaders</Filter>
    </FxCompile>
    <FxCompile Include="Shaders\WaterVertexShader.hlsl">
      <Filter>Shaders</Filter>
    </FxCompile>
  </ItemGroup>
</Project>